{
    "name": "poulpy",
    "version": "4.0.1",
    "lockfileVersion": 3,
    "requires": true,
    "packages": {
        "": {
            "name": "poulpy",
            "version": "4.0.1",
            "dependencies": {
                "okiro": "file:",
                "poulpy": "file:"
            }
        },
        "node_modules/okiro": {
            "resolved": "",
            "link": true
        },
        "node_modules/poulpy": {
            "resolved": "",
            "link": true
        }
    }
}
